
Microsoft Visual Studio Solution File, Format Version 11.00
# Visual Studio 2010
Project("{FAE04EC0-301F-11D3-BF4B-00C04F79EFBC}") = "AutoSign", "AutoSign\AutoSign.csproj", "{A3EC6818-AE1A-4FF0-8C2F-6BC4BA9BEF36}"
EndProject
Global
	GlobalSection(SolutionConfigurationPlatforms) = preSolution
		Debug|x86 = Debug|x86
		Release|x86 = Release|x86
	EndGlobalSection
	GlobalSection(ProjectConfigurationPlatforms) = postSolution
		{A3EC6818-AE1A-4FF0-8C2F-6BC4BA9BEF36}.Debug|x86.ActiveCfg = Debug|x86
		{A3EC6818-AE1A-4FF0-8C2F-6BC4BA9BEF36}.Debug|x86.Build.0 = Debug|x86
		{A3EC6818-AE1A-4FF0-8C2F-6BC4BA9BEF36}.Release|x86.ActiveCfg = Release|x86
		{A3EC6818-AE1A-4FF0-8C2F-6BC4BA9BEF36}.Release|x86.Build.0 = Release|x86
	EndGlobalSection
	GlobalSection(SolutionProperties) = preSolution
		HideSolutionNode = FALSE
	EndGlobalSection
EndGlobal
